<?xml version="1.0" encoding="utf-8"?>
<Project ToolsVersion="4.0" xmlns="http://schemas.microsoft.com/developer/msbuild/2003">
  <ItemGroup>
    <Filter Include="소스 파일">
      <UniqueIdentifier>{4FC737F1-C7A5-4376-A066-2A32D752A2FF}</UniqueIdentifier>
      <Extensions>cpp;c;cc;cxx;def;odl;idl;hpj;bat;asm;asmx</Extensions>
    </Filter>
    <Filter Include="헤더 파일">
      <UniqueIdentifier>{93995380-89BD-4b04-88EB-625FBE52EBFB}</UniqueIdentifier>
      <Extensions>h;hh;hpp;hxx;hm;inl;inc;ipp;xsd</Extensions>
    </Filter>
    <Filter Include="리소스 파일">
      <UniqueIdentifier>{67DA6AB6-F800-4c08-8B7A-83BB121AAD01}</UniqueIdentifier>
      <Extensions>rc;ico;cur;bmp;dlg;rc2;rct;bin;rgs;gif;jpg;jpeg;jpe;resx;tiff;tif;png;wav;mfcribbon-ms</Extensions>
    </Filter>
    <Filter Include="헤더 파일\Keyboard">
      <UniqueIdentifier>{c0ced5e5-7bf5-45cd-8044-f9a8fc3ce643}</UniqueIdentifier>
    </Filter>
    <Filter Include="소스 파일\Keyboard">
      <UniqueIdentifier>{0bd01a01-24d6-4de0-9a64-9f0334bd7cf5}</UniqueIdentifier>
    </Filter>
    <Filter Include="헤더 파일\Mouse">
      <UniqueIdentifier>{5b0b0880-1592-4c1b-a053-cd3fc20db03c}</UniqueIdentifier>
    </Filter>
    <Filter Include="소스 파일\Mouse">
      <UniqueIdentifier>{09ad019d-b90e-414f-840c-6cacd80d3cef}</UniqueIdentifier>
    </Filter>
    <Filter Include="소스 파일\Graphics">
      <UniqueIdentifier>{7a6223d2-2d08-45c6-95a8-cdb677192edc}</UniqueIdentifier>
    </Filter>
    <Filter Include="헤더 파일\Graphics">
      <UniqueIdentifier>{0c25aaff-806d-4108-9675-b5e33f32e071}</UniqueIdentifier>
    </Filter>
    <Filter Include="소스 파일\Graphics\ImGui">
      <UniqueIdentifier>{d81874da-a337-4c65-9fbf-e5eb64c790a1}</UniqueIdentifier>
    </Filter>
    <Filter Include="헤더 파일\Graphics\ImGui">
      <UniqueIdentifier>{34d5c756-b425-4ece-967c-b0ec97797f5b}</UniqueIdentifier>
    </Filter>
    <Filter Include="소스 파일\Component">
      <UniqueIdentifier>{e73c8c0e-44ba-44b5-8127-2bd9ef3acb9d}</UniqueIdentifier>
    </Filter>
    <Filter Include="헤더 파일\Component">
      <UniqueIdentifier>{08b7b984-0dc1-43ad-8869-34a3f7d2aed7}</UniqueIdentifier>
    </Filter>
    <Filter Include="소스 파일\CustomScript">
      <UniqueIdentifier>{d9197f07-fece-4ecd-9c8f-fded554dc34f}</UniqueIdentifier>
    </Filter>
    <Filter Include="헤더 파일\CustomScript">
      <UniqueIdentifier>{842d80de-0d9a-4fb1-a8d4-8eaaedd4af67}</UniqueIdentifier>
    </Filter>
    <Filter Include="헤더 파일\UI">
      <UniqueIdentifier>{61665fb3-58bf-4c8b-928d-795718f065f5}</UniqueIdentifier>
    </Filter>
    <Filter Include="소스 파일\UI">
      <UniqueIdentifier>{4d8e81c9-f70b-482d-992b-d889f22ccc40}</UniqueIdentifier>
    </Filter>
  </ItemGroup>
  <ItemGroup>
    <ClCompile Include="sample.cpp">
      <Filter>소스 파일</Filter>
    </ClCompile>
    <ClCompile Include="ErrorLogger.cpp">
      <Filter>소스 파일</Filter>
    </ClCompile>
    <ClCompile Include="RenderWindow.cpp">
      <Filter>소스 파일</Filter>
    </ClCompile>
    <ClCompile Include="Engine.cpp">
      <Filter>소스 파일</Filter>
    </ClCompile>
    <ClCompile Include="WindowContainer.cpp">
      <Filter>소스 파일</Filter>
    </ClCompile>
    <ClCompile Include="Keyboard\KeyboardClass.cpp">
      <Filter>소스 파일\Keyboard</Filter>
    </ClCompile>
    <ClCompile Include="Keyboard\KeyboardEvent.cpp">
      <Filter>소스 파일\Keyboard</Filter>
    </ClCompile>
    <ClCompile Include="Mouse\MouseEvent.cpp">
      <Filter>소스 파일\Mouse</Filter>
    </ClCompile>
    <ClCompile Include="Mouse\MouseClass.cpp">
      <Filter>소스 파일\Mouse</Filter>
    </ClCompile>
    <ClCompile Include="Graphics\Graphics.cpp">
      <Filter>소스 파일\Graphics</Filter>
    </ClCompile>
    <ClCompile Include="Graphics\AdapterReader.cpp">
      <Filter>소스 파일\Graphics</Filter>
    </ClCompile>
    <ClCompile Include="Graphics\Shaders.cpp">
      <Filter>소스 파일\Graphics</Filter>
    </ClCompile>
    <ClCompile Include="Timer.cpp">
      <Filter>소스 파일</Filter>
    </ClCompile>
    <ClCompile Include="Graphics\Model.cpp">
      <Filter>소스 파일\Graphics</Filter>
    </ClCompile>
    <ClCompile Include="Graphics\Mesh.cpp">
      <Filter>소스 파일\Graphics</Filter>
    </ClCompile>
    <ClCompile Include="Graphics\GameObject.cpp">
      <Filter>소스 파일\Graphics</Filter>
    </ClCompile>
    <ClCompile Include="Graphics\Color.cpp">
      <Filter>소스 파일\Graphics</Filter>
    </ClCompile>
    <ClCompile Include="Graphics\Texture.cpp">
      <Filter>소스 파일\Graphics</Filter>
    </ClCompile>
    <ClCompile Include="StringHelper.cpp">
      <Filter>소스 파일</Filter>
    </ClCompile>
    <ClCompile Include="Graphics\RenderableGameObject.cpp">
      <Filter>소스 파일\Graphics</Filter>
    </ClCompile>
    <ClCompile Include="Graphics\Light.cpp">
      <Filter>소스 파일\Graphics</Filter>
    </ClCompile>
    <ClCompile Include="Graphics\GameObject2D.cpp">
      <Filter>소스 파일\Graphics</Filter>
    </ClCompile>
    <ClCompile Include="Graphics\GameObject3D.cpp">
      <Filter>소스 파일\Graphics</Filter>
    </ClCompile>
    <ClCompile Include="Graphics\Camera3D.cpp">
      <Filter>소스 파일\Graphics</Filter>
    </ClCompile>
    <ClCompile Include="Graphics\Camera2D.cpp">
      <Filter>소스 파일\Graphics</Filter>
    </ClCompile>
    <ClCompile Include="Graphics\Sprite.cpp">
      <Filter>소스 파일\Graphics</Filter>
    </ClCompile>
    <ClCompile Include="Component\Behaviour.cpp">
      <Filter>소스 파일\Component</Filter>
    </ClCompile>
    <ClCompile Include="Component\Component.cpp">
      <Filter>소스 파일\Component</Filter>
    </ClCompile>
    <ClCompile Include="Component\Object.cpp">
      <Filter>소스 파일\Component</Filter>
    </ClCompile>
    <ClCompile Include="Component\Renderer.cpp">
      <Filter>소스 파일\Component</Filter>
    </ClCompile>
    <ClCompile Include="Component\GameObject_v2.cpp">
      <Filter>소스 파일\Component</Filter>
    </ClCompile>
    <ClCompile Include="SceneManager.cpp">
      <Filter>소스 파일</Filter>
    </ClCompile>
    <ClCompile Include="Component\ScriptBehaviour.cpp">
      <Filter>소스 파일\Component</Filter>
    </ClCompile>
    <ClCompile Include="CustomScript\cstest.cpp">
      <Filter>소스 파일\CustomScript</Filter>
    </ClCompile>
    <ClCompile Include="CustomScript\cstest02.cpp">
      <Filter>소스 파일\CustomScript</Filter>
    </ClCompile>
    <ClCompile Include="Component\Light_ver2.cpp">
      <Filter>소스 파일\Component</Filter>
    </ClCompile>
    <ClCompile Include="Component\Terrain.cpp">
      <Filter>소스 파일\Component</Filter>
    </ClCompile>
    <ClCompile Include="Graphics\DebugDraw.cpp">
      <Filter>소스 파일\Graphics</Filter>
    </ClCompile>
    <ClCompile Include="Component\Collider.cpp">
      <Filter>소스 파일\Component</Filter>
    </ClCompile>
    <ClCompile Include="PhysicsManager.cpp">
      <Filter>소스 파일</Filter>
    </ClCompile>
    <ClCompile Include="CustomScript\MemoryBOOM.cpp">
      <Filter>소스 파일\CustomScript</Filter>
    </ClCompile>
    <ClCompile Include="Graphics\BaseGeometry.cpp">
      <Filter>소스 파일\Graphics</Filter>
    </ClCompile>
    <ClCompile Include="Component\Animator.cpp">
      <Filter>소스 파일\Component</Filter>
    </ClCompile>
    <ClCompile Include="AnimationManager.cpp">
      <Filter>소스 파일</Filter>
    </ClCompile>
    <ClCompile Include="AnimationClip.cpp">
      <Filter>소스 파일</Filter>
    </ClCompile>
    <ClCompile Include="ScriptBehaviourManager.cpp">
      <Filter>소스 파일</Filter>
    </ClCompile>
    <ClCompile Include="Component\Collider_v2.cpp">
      <Filter>소스 파일\Component</Filter>
    </ClCompile>
    <ClCompile Include="Component\Transform.cpp">
      <Filter>소스 파일\Component</Filter>
    </ClCompile>
    <ClCompile Include="CustomScript\GroundedTest.cpp">
      <Filter>소스 파일\CustomScript</Filter>
    </ClCompile>
    <ClCompile Include="UI\ui.cpp">
      <Filter>소스 파일\UI</Filter>
    </ClCompile>
    <ClCompile Include="UI\imGui\imgui.cpp">
      <Filter>소스 파일\Graphics\ImGui</Filter>
    </ClCompile>
    <ClCompile Include="UI\imGui\imgui_draw.cpp">
      <Filter>소스 파일\Graphics\ImGui</Filter>
    </ClCompile>
    <ClCompile Include="UI\imGui\imgui_impl_dx11.cpp">
      <Filter>소스 파일\Graphics\ImGui</Filter>
    </ClCompile>
    <ClCompile Include="UI\imGui\imgui_impl_win32.cpp">
      <Filter>소스 파일\Graphics\ImGui</Filter>
    </ClCompile>
    <ClCompile Include="UI\imGui\imgui_widgets.cpp">
      <Filter>소스 파일\Graphics\ImGui</Filter>
    </ClCompile>
    <ClCompile Include="Graphics\Skybox.cpp">
      <Filter>소스 파일</Filter>
    </ClCompile>
  </ItemGroup>
  <ItemGroup>
    <ClInclude Include="ErrorLogger.h">
      <Filter>헤더 파일</Filter>
    </ClInclude>
    <ClInclude Include="RenderWindow.h">
      <Filter>헤더 파일</Filter>
    </ClInclude>
    <ClInclude Include="Engine.h">
      <Filter>헤더 파일</Filter>
    </ClInclude>
    <ClInclude Include="WindowContainer.h">
      <Filter>헤더 파일</Filter>
    </ClInclude>
    <ClInclude Include="Keyboard\KeyboardClass.h">
      <Filter>헤더 파일\Keyboard</Filter>
    </ClInclude>
    <ClInclude Include="Keyboard\KeyboardEvent.h">
      <Filter>헤더 파일\Keyboard</Filter>
    </ClInclude>
    <ClInclude Include="Mouse\MouseEvent.h">
      <Filter>헤더 파일\Mouse</Filter>
    </ClInclude>
    <ClInclude Include="Mouse\MouseClass.h">
      <Filter>헤더 파일\Mouse</Filter>
    </ClInclude>
    <ClInclude Include="Graphics\Graphics.h">
      <Filter>헤더 파일\Graphics</Filter>
    </ClInclude>
    <ClInclude Include="Graphics\AdapterReader.h">
      <Filter>헤더 파일\Graphics</Filter>
    </ClInclude>
    <ClInclude Include="Graphics\Vertex.h">
      <Filter>헤더 파일\Graphics</Filter>
    </ClInclude>
    <ClInclude Include="Graphics\Shaders.h">
      <Filter>헤더 파일\Graphics</Filter>
    </ClInclude>
    <ClInclude Include="Graphics\VertexBuffer.h">
      <Filter>헤더 파일\Graphics</Filter>
    </ClInclude>
    <ClInclude Include="Graphics\IndexBuffer.h">
      <Filter>헤더 파일\Graphics</Filter>
    </ClInclude>
    <ClInclude Include="Graphics\ConstantBufferType.h">
      <Filter>헤더 파일\Graphics</Filter>
    </ClInclude>
    <ClInclude Include="Graphics\ConstantBuffer.h">
      <Filter>헤더 파일\Graphics</Filter>
    </ClInclude>
    <ClInclude Include="Timer.h">
      <Filter>헤더 파일</Filter>
    </ClInclude>
    <ClInclude Include="COMException.h">
      <Filter>헤더 파일</Filter>
    </ClInclude>
    <ClInclude Include="Graphics\Model.h">
      <Filter>헤더 파일\Graphics</Filter>
    </ClInclude>
    <ClInclude Include="Graphics\Mesh.h">
      <Filter>헤더 파일\Graphics</Filter>
    </ClInclude>
    <ClInclude Include="Graphics\GameObject.h">
      <Filter>헤더 파일\Graphics</Filter>
    </ClInclude>
    <ClInclude Include="Graphics\Color.h">
      <Filter>헤더 파일\Graphics</Filter>
    </ClInclude>
    <ClInclude Include="Graphics\Texture.h">
      <Filter>헤더 파일\Graphics</Filter>
    </ClInclude>
    <ClInclude Include="StringHelper.h">
      <Filter>헤더 파일</Filter>
    </ClInclude>
    <ClInclude Include="Graphics\RenderableGameObject.h">
      <Filter>헤더 파일\Graphics</Filter>
    </ClInclude>
    <ClInclude Include="Graphics\Light.h">
      <Filter>헤더 파일\Graphics</Filter>
    </ClInclude>
    <ClInclude Include="Graphics\GameObject2D.h">
      <Filter>헤더 파일\Graphics</Filter>
    </ClInclude>
    <ClInclude Include="Graphics\GameObject3D.h">
      <Filter>헤더 파일\Graphics</Filter>
    </ClInclude>
    <ClInclude Include="Graphics\Camera3D.h">
      <Filter>헤더 파일\Graphics</Filter>
    </ClInclude>
    <ClInclude Include="Graphics\Camera2D.h">
      <Filter>헤더 파일\Graphics</Filter>
    </ClInclude>
    <ClInclude Include="Graphics\Sprite.h">
      <Filter>헤더 파일\Graphics</Filter>
    </ClInclude>
    <ClInclude Include="Component\Component.h">
      <Filter>헤더 파일\Component</Filter>
    </ClInclude>
    <ClInclude Include="Component\Object.h">
      <Filter>헤더 파일\Component</Filter>
    </ClInclude>
    <ClInclude Include="Component\Behaviour.h">
      <Filter>헤더 파일\Component</Filter>
    </ClInclude>
    <ClInclude Include="Component\Renderer.h">
      <Filter>헤더 파일\Component</Filter>
    </ClInclude>
    <ClInclude Include="Component\GameObject_v2.h">
      <Filter>헤더 파일\Component</Filter>
    </ClInclude>
    <ClInclude Include="Component\Transform.h">
      <Filter>헤더 파일\Component</Filter>
    </ClInclude>
    <ClInclude Include="SceneManager.h">
      <Filter>헤더 파일</Filter>
    </ClInclude>
    <ClInclude Include="Component\ScriptBehaviour.h">
      <Filter>헤더 파일\Component</Filter>
    </ClInclude>
    <ClInclude Include="CustomScript\cstest.h">
      <Filter>헤더 파일\CustomScript</Filter>
    </ClInclude>
    <ClInclude Include="CustomScript\cstest02.h">
      <Filter>헤더 파일\CustomScript</Filter>
    </ClInclude>
    <ClInclude Include="CustomScript\CustomScriptInclude.h">
      <Filter>헤더 파일\CustomScript</Filter>
    </ClInclude>
    <ClInclude Include="Component\Light_ver2.h">
      <Filter>헤더 파일\Component</Filter>
    </ClInclude>
    <ClInclude Include="Component\BaseComponentInclude.h">
      <Filter>헤더 파일\Component</Filter>
    </ClInclude>
    <ClInclude Include="Component\Terrain.h">
      <Filter>헤더 파일\Component</Filter>
    </ClInclude>
    <ClInclude Include="Graphics\DebugDraw.h">
      <Filter>헤더 파일\Graphics</Filter>
    </ClInclude>
    <ClInclude Include="Component\Collider.h">
      <Filter>헤더 파일\Component</Filter>
    </ClInclude>
    <ClInclude Include="PhysicsManager.h">
      <Filter>헤더 파일</Filter>
    </ClInclude>
    <ClInclude Include="CustomScript\MemoryBOOM.h">
      <Filter>헤더 파일\CustomScript</Filter>
    </ClInclude>
    <ClInclude Include="Graphics\BaseGeometry.h">
      <Filter>헤더 파일\Graphics</Filter>
    </ClInclude>
    <ClInclude Include="Component\Animator.h">
      <Filter>헤더 파일\Component</Filter>
    </ClInclude>
    <ClInclude Include="AnimationClip.h">
      <Filter>헤더 파일</Filter>
    </ClInclude>
    <ClInclude Include="AnimationManager.h">
      <Filter>헤더 파일</Filter>
    </ClInclude>
    <ClInclude Include="ScriptBehaviourManager.h">
      <Filter>헤더 파일</Filter>
    </ClInclude>
    <ClInclude Include="Component\Collider_v2.h">
      <Filter>헤더 파일\Component</Filter>
    </ClInclude>
    <ClInclude Include="Component\CollisionInfo.h">
      <Filter>헤더 파일\Component</Filter>
    </ClInclude>
    <ClInclude Include="CustomScript\GroundedTest.h">
      <Filter>헤더 파일\CustomScript</Filter>
    </ClInclude>
    <ClInclude Include="UI\ui.h">
      <Filter>헤더 파일\UI</Filter>
    </ClInclude>
    <ClInclude Include="UI\imGui\imconfig.h">
      <Filter>헤더 파일\Graphics\ImGui</Filter>
    </ClInclude>
    <ClInclude Include="UI\imGui\imgui.h">
      <Filter>헤더 파일\Graphics\ImGui</Filter>
    </ClInclude>
    <ClInclude Include="UI\imGui\imgui_impl_dx11.h">
      <Filter>헤더 파일\Graphics\ImGui</Filter>
    </ClInclude>
    <ClInclude Include="UI\imGui\imgui_impl_win32.h">
      <Filter>헤더 파일\Graphics\ImGui</Filter>
    </ClInclude>
    <ClInclude Include="UI\imGui\imgui_internal.h">
      <Filter>헤더 파일\Graphics\ImGui</Filter>
    </ClInclude>
    <ClInclude Include="UI\imGui\imstb_rectpack.h">
      <Filter>헤더 파일\Graphics\ImGui</Filter>
    </ClInclude>
    <ClInclude Include="UI\imGui\imstb_textedit.h">
      <Filter>헤더 파일\Graphics\ImGui</Filter>
    </ClInclude>
    <ClInclude Include="UI\imGui\imstb_truetype.h">
      <Filter>헤더 파일\Graphics\ImGui</Filter>
    </ClInclude>
    <ClInclude Include="Graphics\Skybox.h">
      <Filter>헤더 파일</Filter>
    </ClInclude>
    <ClInclude Include="Util\Singleton.h">
      <Filter>헤더 파일</Filter>
    </ClInclude>
    <ClInclude Include="Util\Uncopyable.h">
      <Filter>헤더 파일</Filter>
    </ClInclude>
  </ItemGroup>
  <ItemGroup>
    <FxCompile Include="hlsl\PixelShader\pixelshader.hlsl">
      <Filter>리소스 파일</Filter>
    </FxCompile>
    <FxCompile Include="hlsl\PixelShader\pixelshader_2d.hlsl">
      <Filter>리소스 파일</Filter>
    </FxCompile>
    <FxCompile Include="hlsl\PixelShader\pixelshader_2d_discard.hlsl">
      <Filter>리소스 파일</Filter>
    </FxCompile>
    <FxCompile Include="hlsl\PixelShader\pixelshader_nolight.hlsl">
      <Filter>리소스 파일</Filter>
    </FxCompile>
    <FxCompile Include="hlsl\VertexShader\vertexshader_2d.hlsl">
      <Filter>리소스 파일</Filter>
    </FxCompile>
    <FxCompile Include="hlsl\VertexShader\vertexshader.hlsl">
      <Filter>리소스 파일</Filter>
    </FxCompile>
    <FxCompile Include="hlsl\PixelShader\pixelshader_sample02.hlsl">
      <Filter>리소스 파일</Filter>
    </FxCompile>
    <FxCompile Include="hlsl\PixelShader\pixelshader_sample01.hlsl">
      <Filter>리소스 파일</Filter>
    </FxCompile>
    <FxCompile Include="hlsl\VertexShader\vertexshader_sample01.hlsl">
      <Filter>리소스 파일</Filter>
    </FxCompile>
    <FxCompile Include="hlsl\PixelShader\PS_Camera.hlsl">
      <Filter>리소스 파일</Filter>
    </FxCompile>
    <FxCompile Include="hlsl\PixelShader\PS_Light.hlsl">
      <Filter>리소스 파일</Filter>
    </FxCompile>
    <FxCompile Include="hlsl\GeometryShader\BillBoardSample.hlsl">
      <Filter>리소스 파일</Filter>
    </FxCompile>
    <FxCompile Include="hlsl\VertexShader\skinned_vertex.hlsl">
      <Filter>리소스 파일</Filter>
    </FxCompile>
    <FxCompile Include="hlsl\VertexShader\vertexshader_geo.hlsl" />
    <FxCompile Include="hlsl\PixelShader\pixelshader_skybox.hlsl" />
    <FxCompile Include="hlsl\VertexShader\vertexshader_skybox.hlsl" />
  </ItemGroup>
  <ItemGroup>
    <Text Include="memo.txt" />
  </ItemGroup>
</Project>