<?xml version="1.0" encoding="utf-8"?>
<Project ToolsVersion="4.0" xmlns="http://schemas.microsoft.com/developer/msbuild/2003">
  <ItemGroup>
    <Filter Include="소스 파일">
      <UniqueIdentifier>{4FC737F1-C7A5-4376-A066-2A32D752A2FF}</UniqueIdentifier>
      <Extensions>cpp;c;cc;cxx;def;odl;idl;hpj;bat;asm;asmx</Extensions>
    </Filter>
    <Filter Include="헤더 파일">
      <UniqueIdentifier>{93995380-89BD-4b04-88EB-625FBE52EBFB}</UniqueIdentifier>
      <Extensions>h;hh;hpp;hxx;hm;inl;inc;ipp;xsd</Extensions>
    </Filter>
    <Filter Include="리소스 파일">
      <UniqueIdentifier>{67DA6AB6-F800-4c08-8B7A-83BB121AAD01}</UniqueIdentifier>
      <Extensions>rc;ico;cur;bmp;dlg;rc2;rct;bin;rgs;gif;jpg;jpeg;jpe;resx;tiff;tif;png;wav;mfcribbon-ms</Extensions>
    </Filter>
    <Filter Include="소스 파일\Core">
      <UniqueIdentifier>{8ede83b3-1dd8-4421-b14f-5072a5018641}</UniqueIdentifier>
    </Filter>
    <Filter Include="헤더 파일\Core">
      <UniqueIdentifier>{60e1cbdc-bf34-4368-b19b-8c44bdb9b62e}</UniqueIdentifier>
    </Filter>
    <Filter Include="소스 파일\Core\Graphics">
      <UniqueIdentifier>{7a6223d2-2d08-45c6-95a8-cdb677192edc}</UniqueIdentifier>
    </Filter>
    <Filter Include="소스 파일\Core\Graphics\ImGui">
      <UniqueIdentifier>{d81874da-a337-4c65-9fbf-e5eb64c790a1}</UniqueIdentifier>
    </Filter>
    <Filter Include="소스 파일\Core\Keyboard">
      <UniqueIdentifier>{0bd01a01-24d6-4de0-9a64-9f0334bd7cf5}</UniqueIdentifier>
    </Filter>
    <Filter Include="소스 파일\Core\Mouse">
      <UniqueIdentifier>{09ad019d-b90e-414f-840c-6cacd80d3cef}</UniqueIdentifier>
    </Filter>
    <Filter Include="헤더 파일\Core\Graphics">
      <UniqueIdentifier>{0c25aaff-806d-4108-9675-b5e33f32e071}</UniqueIdentifier>
    </Filter>
    <Filter Include="헤더 파일\Core\Graphics\ImGui">
      <UniqueIdentifier>{34d5c756-b425-4ece-967c-b0ec97797f5b}</UniqueIdentifier>
    </Filter>
    <Filter Include="헤더 파일\Core\Keyboard">
      <UniqueIdentifier>{c0ced5e5-7bf5-45cd-8044-f9a8fc3ce643}</UniqueIdentifier>
    </Filter>
    <Filter Include="헤더 파일\Core\Mouse">
      <UniqueIdentifier>{5b0b0880-1592-4c1b-a053-cd3fc20db03c}</UniqueIdentifier>
    </Filter>
    <Filter Include="헤더 파일\Util">
      <UniqueIdentifier>{056a384d-f0f9-43e6-94c9-22e1fc8af05a}</UniqueIdentifier>
    </Filter>
    <Filter Include="소스 파일\Util">
      <UniqueIdentifier>{4619b013-6afb-4bea-9ddf-e579ecd36df7}</UniqueIdentifier>
    </Filter>
  </ItemGroup>
  <ItemGroup>
    <ClCompile Include="App.cpp">
      <Filter>소스 파일</Filter>
    </ClCompile>
    <ClCompile Include="Internal\Graphics\imGui\imgui.cpp">
      <Filter>소스 파일\Core\Graphics\ImGui</Filter>
    </ClCompile>
    <ClCompile Include="Internal\Graphics\imGui\imgui_draw.cpp">
      <Filter>소스 파일\Core\Graphics\ImGui</Filter>
    </ClCompile>
    <ClCompile Include="Internal\Graphics\imGui\imgui_impl_dx11.cpp">
      <Filter>소스 파일\Core\Graphics\ImGui</Filter>
    </ClCompile>
    <ClCompile Include="Internal\Graphics\imGui\imgui_impl_win32.cpp">
      <Filter>소스 파일\Core\Graphics\ImGui</Filter>
    </ClCompile>
    <ClCompile Include="Internal\Graphics\imGui\imgui_widgets.cpp">
      <Filter>소스 파일\Core\Graphics\ImGui</Filter>
    </ClCompile>
    <ClCompile Include="Internal\Graphics\AdapterReader.cpp">
      <Filter>소스 파일\Core\Graphics</Filter>
    </ClCompile>
    <ClCompile Include="Internal\Graphics\Camera2D.cpp">
      <Filter>소스 파일\Core\Graphics</Filter>
    </ClCompile>
    <ClCompile Include="Internal\Graphics\Camera3D.cpp">
      <Filter>소스 파일\Core\Graphics</Filter>
    </ClCompile>
    <ClCompile Include="Internal\Graphics\Color.cpp">
      <Filter>소스 파일\Core\Graphics</Filter>
    </ClCompile>
    <ClCompile Include="Internal\Graphics\GameObject.cpp">
      <Filter>소스 파일\Core\Graphics</Filter>
    </ClCompile>
    <ClCompile Include="Internal\Graphics\GameObject2D.cpp">
      <Filter>소스 파일\Core\Graphics</Filter>
    </ClCompile>
    <ClCompile Include="Internal\Graphics\GameObject3D.cpp">
      <Filter>소스 파일\Core\Graphics</Filter>
    </ClCompile>
    <ClCompile Include="Internal\Graphics\Graphics.cpp">
      <Filter>소스 파일\Core\Graphics</Filter>
    </ClCompile>
    <ClCompile Include="Internal\Graphics\Light.cpp">
      <Filter>소스 파일\Core\Graphics</Filter>
    </ClCompile>
    <ClCompile Include="Internal\Graphics\Mesh.cpp">
      <Filter>소스 파일\Core\Graphics</Filter>
    </ClCompile>
    <ClCompile Include="Internal\Graphics\Model.cpp">
      <Filter>소스 파일\Core\Graphics</Filter>
    </ClCompile>
    <ClCompile Include="Internal\Graphics\RenderableGameObject.cpp">
      <Filter>소스 파일\Core\Graphics</Filter>
    </ClCompile>
    <ClCompile Include="Internal\Graphics\Shaders.cpp">
      <Filter>소스 파일\Core\Graphics</Filter>
    </ClCompile>
    <ClCompile Include="Internal\Graphics\Sprite.cpp">
      <Filter>소스 파일\Core\Graphics</Filter>
    </ClCompile>
    <ClCompile Include="Internal\Graphics\Texture.cpp">
      <Filter>소스 파일\Core\Graphics</Filter>
    </ClCompile>
    <ClCompile Include="Internal\Keyboard\KeyboardClass.cpp">
      <Filter>소스 파일\Core\Keyboard</Filter>
    </ClCompile>
    <ClCompile Include="Internal\Keyboard\KeyboardEvent.cpp">
      <Filter>소스 파일\Core\Keyboard</Filter>
    </ClCompile>
    <ClCompile Include="Internal\Mouse\MouseClass.cpp">
      <Filter>소스 파일\Core\Mouse</Filter>
    </ClCompile>
    <ClCompile Include="Internal\Mouse\MouseEvent.cpp">
      <Filter>소스 파일\Core\Mouse</Filter>
    </ClCompile>
    <ClCompile Include="Internal\Engine.cpp">
      <Filter>소스 파일\Core</Filter>
    </ClCompile>
    <ClCompile Include="Internal\RenderWindow.cpp">
      <Filter>소스 파일\Core</Filter>
    </ClCompile>
    <ClCompile Include="Internal\Timer.cpp">
      <Filter>소스 파일\Core</Filter>
    </ClCompile>
    <ClCompile Include="Internal\WindowContainer.cpp">
      <Filter>소스 파일\Core</Filter>
    </ClCompile>
    <ClCompile Include="Internal\Core.cpp">
      <Filter>소스 파일\Core</Filter>
    </ClCompile>
    <ClCompile Include="Internal\DeviceResources.cpp">
      <Filter>소스 파일\Core</Filter>
    </ClCompile>
    <ClCompile Include="ErrorLogger.cpp">
      <Filter>소스 파일\Util</Filter>
    </ClCompile>
    <ClCompile Include="StringHelper.cpp">
      <Filter>소스 파일\Util</Filter>
    </ClCompile>
    <ClCompile Include="Util\Time.cpp">
      <Filter>소스 파일\Util</Filter>
    </ClCompile>
  </ItemGroup>
  <ItemGroup>
    <ClInclude Include="Internal\Graphics\imGui\imconfig.h">
      <Filter>헤더 파일\Core\Graphics\ImGui</Filter>
    </ClInclude>
    <ClInclude Include="Internal\Graphics\imGui\imgui.h">
      <Filter>헤더 파일\Core\Graphics\ImGui</Filter>
    </ClInclude>
    <ClInclude Include="Internal\Graphics\imGui\imgui_impl_dx11.h">
      <Filter>헤더 파일\Core\Graphics\ImGui</Filter>
    </ClInclude>
    <ClInclude Include="Internal\Graphics\imGui\imgui_impl_win32.h">
      <Filter>헤더 파일\Core\Graphics\ImGui</Filter>
    </ClInclude>
    <ClInclude Include="Internal\Graphics\imGui\imgui_internal.h">
      <Filter>헤더 파일\Core\Graphics\ImGui</Filter>
    </ClInclude>
    <ClInclude Include="Internal\Graphics\imGui\imstb_rectpack.h">
      <Filter>헤더 파일\Core\Graphics\ImGui</Filter>
    </ClInclude>
    <ClInclude Include="Internal\Graphics\imGui\imstb_textedit.h">
      <Filter>헤더 파일\Core\Graphics\ImGui</Filter>
    </ClInclude>
    <ClInclude Include="Internal\Graphics\imGui\imstb_truetype.h">
      <Filter>헤더 파일\Core\Graphics\ImGui</Filter>
    </ClInclude>
    <ClInclude Include="Internal\Graphics\AdapterReader.h">
      <Filter>헤더 파일\Core\Graphics</Filter>
    </ClInclude>
    <ClInclude Include="Internal\Graphics\Camera2D.h">
      <Filter>헤더 파일\Core\Graphics</Filter>
    </ClInclude>
    <ClInclude Include="Internal\Graphics\Camera3D.h">
      <Filter>헤더 파일\Core\Graphics</Filter>
    </ClInclude>
    <ClInclude Include="Internal\Graphics\Color.h">
      <Filter>헤더 파일\Core\Graphics</Filter>
    </ClInclude>
    <ClInclude Include="Internal\Graphics\ConstantBuffer.h">
      <Filter>헤더 파일\Core\Graphics</Filter>
    </ClInclude>
    <ClInclude Include="Internal\Graphics\ConstantBufferType.h">
      <Filter>헤더 파일\Core\Graphics</Filter>
    </ClInclude>
    <ClInclude Include="Internal\Graphics\GameObject.h">
      <Filter>헤더 파일\Core\Graphics</Filter>
    </ClInclude>
    <ClInclude Include="Internal\Graphics\GameObject2D.h">
      <Filter>헤더 파일\Core\Graphics</Filter>
    </ClInclude>
    <ClInclude Include="Internal\Graphics\GameObject3D.h">
      <Filter>헤더 파일\Core\Graphics</Filter>
    </ClInclude>
    <ClInclude Include="Internal\Graphics\Graphics.h">
      <Filter>헤더 파일\Core\Graphics</Filter>
    </ClInclude>
    <ClInclude Include="Internal\Graphics\IndexBuffer.h">
      <Filter>헤더 파일\Core\Graphics</Filter>
    </ClInclude>
    <ClInclude Include="Internal\Graphics\Light.h">
      <Filter>헤더 파일\Core\Graphics</Filter>
    </ClInclude>
    <ClInclude Include="Internal\Graphics\Mesh.h">
      <Filter>헤더 파일\Core\Graphics</Filter>
    </ClInclude>
    <ClInclude Include="Internal\Graphics\Model.h">
      <Filter>헤더 파일\Core\Graphics</Filter>
    </ClInclude>
    <ClInclude Include="Internal\Graphics\RenderableGameObject.h">
      <Filter>헤더 파일\Core\Graphics</Filter>
    </ClInclude>
    <ClInclude Include="Internal\Graphics\Shaders.h">
      <Filter>헤더 파일\Core\Graphics</Filter>
    </ClInclude>
    <ClInclude Include="Internal\Graphics\Sprite.h">
      <Filter>헤더 파일\Core\Graphics</Filter>
    </ClInclude>
    <ClInclude Include="Internal\Graphics\Texture.h">
      <Filter>헤더 파일\Core\Graphics</Filter>
    </ClInclude>
    <ClInclude Include="Internal\Graphics\Vertex.h">
      <Filter>헤더 파일\Core\Graphics</Filter>
    </ClInclude>
    <ClInclude Include="Internal\Graphics\VertexBuffer.h">
      <Filter>헤더 파일\Core\Graphics</Filter>
    </ClInclude>
    <ClInclude Include="Internal\Keyboard\KeyboardClass.h">
      <Filter>헤더 파일\Core\Keyboard</Filter>
    </ClInclude>
    <ClInclude Include="Internal\Keyboard\KeyboardEvent.h">
      <Filter>헤더 파일\Core\Keyboard</Filter>
    </ClInclude>
    <ClInclude Include="Internal\Mouse\MouseClass.h">
      <Filter>헤더 파일\Core\Mouse</Filter>
    </ClInclude>
    <ClInclude Include="Internal\Mouse\MouseEvent.h">
      <Filter>헤더 파일\Core\Mouse</Filter>
    </ClInclude>
    <ClInclude Include="Internal\Engine.h">
      <Filter>헤더 파일\Core</Filter>
    </ClInclude>
    <ClInclude Include="Internal\RenderWindow.h">
      <Filter>헤더 파일\Core</Filter>
    </ClInclude>
    <ClInclude Include="Internal\Timer.h">
      <Filter>헤더 파일\Core</Filter>
    </ClInclude>
    <ClInclude Include="Internal\WindowContainer.h">
      <Filter>헤더 파일\Core</Filter>
    </ClInclude>
    <ClInclude Include="Internal\Core.h">
      <Filter>헤더 파일\Core</Filter>
    </ClInclude>
    <ClInclude Include="Internal\DeviceResources.h">
      <Filter>헤더 파일\Core</Filter>
    </ClInclude>
    <ClInclude Include="Util\Time.h">
      <Filter>헤더 파일\Util</Filter>
    </ClInclude>
    <ClInclude Include="Util\Singleton.h">
      <Filter>헤더 파일\Util</Filter>
    </ClInclude>
    <ClInclude Include="Util\UnCopyable.h">
      <Filter>헤더 파일\Util</Filter>
    </ClInclude>
    <ClInclude Include="ErrorLogger.h">
      <Filter>헤더 파일\Util</Filter>
    </ClInclude>
    <ClInclude Include="COMException.h">
      <Filter>헤더 파일\Util</Filter>
    </ClInclude>
    <ClInclude Include="StringHelper.h">
      <Filter>헤더 파일\Util</Filter>
    </ClInclude>
  </ItemGroup>
  <ItemGroup>
    <FxCompile Include="vertexshader.hlsl">
      <Filter>리소스 파일</Filter>
    </FxCompile>
    <FxCompile Include="pixelshader.hlsl">
      <Filter>리소스 파일</Filter>
    </FxCompile>
    <FxCompile Include="pixelshader_nolight.hlsl">
      <Filter>리소스 파일</Filter>
    </FxCompile>
    <FxCompile Include="pixelshader_2d.hlsl">
      <Filter>리소스 파일</Filter>
    </FxCompile>
    <FxCompile Include="vertexshader_2d.hlsl">
      <Filter>리소스 파일</Filter>
    </FxCompile>
    <FxCompile Include="pixelshader_2d_discard.hlsl">
      <Filter>리소스 파일</Filter>
    </FxCompile>
  </ItemGroup>
</Project>